
Microsoft Visual Studio Solution File, Format Version 12.00
Project("{FAE04EC0-301F-11D3-BF4B-00C04F79EFBC}") = "FileService", "FileService\FileService.csproj", "{A6B9A597-159C-430A-B2C6-8A092687FC2A}"
EndProject
Global
	GlobalSection(SolutionConfigurationPlatforms) = preSolution
		Debug|Any CPU = Debug|Any CPU
		Release|Any CPU = Release|Any CPU
	EndGlobalSection
	GlobalSection(ProjectConfigurationPlatforms) = postSolution
		{A6B9A597-159C-430A-B2C6-8A092687FC2A}.Debug|Any CPU.ActiveCfg = Debug|Any CPU
		{A6B9A597-159C-430A-B2C6-8A092687FC2A}.Debug|Any CPU.Build.0 = Debug|Any CPU
		{A6B9A597-159C-430A-B2C6-8A092687FC2A}.Release|Any CPU.ActiveCfg = Release|Any CPU
		{A6B9A597-159C-430A-B2C6-8A092687FC2A}.Release|Any CPU.Build.0 = Release|Any CPU
	EndGlobalSection
EndGlobal
